
Microsoft Visual Studio Solution File, Format Version 12.00
# Visual Studio 2013
VisualStudioVersion = 12.0.40629.0
MinimumVisualStudioVersion = 10.0.40219.1
Project("{FAE04EC0-301F-11D3-BF4B-00C04F79EFBC}") = "M4A_MP3_Collector", "M4A_MP3_Collector\M4A_MP3_Collector.csproj", "{D5DBDF13-C2F8-4D8E-9011-E335919951DF}"
EndProject
Global
	GlobalSection(SolutionConfigurationPlatforms) = preSolution
		Debug|Any CPU = Debug|Any CPU
		Release|Any CPU = Release|Any CPU
	EndGlobalSection
	GlobalSection(ProjectConfigurationPlatforms) = postSolution
		{D5DBDF13-C2F8-4D8E-9011-E335919951DF}.Debug|Any CPU.ActiveCfg = Debug|Any CPU
		{D5DBDF13-C2F8-4D8E-9011-E335919951DF}.Debug|Any CPU.Build.0 = Debug|Any CPU
		{D5DBDF13-C2F8-4D8E-9011-E335919951DF}.Release|Any CPU.ActiveCfg = Release|Any CPU
		{D5DBDF13-C2F8-4D8E-9011-E335919951DF}.Release|Any CPU.Build.0 = Release|Any CPU
	EndGlobalSection
	GlobalSection(SolutionProperties) = preSolution
		HideSolutionNode = FALSE
	EndGlobalSection
EndGlobal
