
Microsoft Visual Studio Solution File, Format Version 12.00
# Visual Studio 2013
VisualStudioVersion = 12.0.40629.0
MinimumVisualStudioVersion = 10.0.40219.1
Project("{FAE04EC0-301F-11D3-BF4B-00C04F79EFBC}") = "SourceOutsight", "SourceOutsight\SourceOutsight.csproj", "{AF945D66-0C80-4C3C-8DB6-7179C8FE8F8D}"
EndProject
Project("{FAE04EC0-301F-11D3-BF4B-00C04F79EFBC}") = "UnitTestProject1", "UnitTestProject1\UnitTestProject1.csproj", "{34D85510-9025-40C9-BE1E-3ABA93706849}"
EndProject
Global
	GlobalSection(SolutionConfigurationPlatforms) = preSolution
		Debug|Any CPU = Debug|Any CPU
		Release|Any CPU = Release|Any CPU
	EndGlobalSection
	GlobalSection(ProjectConfigurationPlatforms) = postSolution
		{AF945D66-0C80-4C3C-8DB6-7179C8FE8F8D}.Debug|Any CPU.ActiveCfg = Debug|Any CPU
		{AF945D66-0C80-4C3C-8DB6-7179C8FE8F8D}.Debug|Any CPU.Build.0 = Debug|Any CPU
		{AF945D66-0C80-4C3C-8DB6-7179C8FE8F8D}.Release|Any CPU.ActiveCfg = Release|Any CPU
		{AF945D66-0C80-4C3C-8DB6-7179C8FE8F8D}.Release|Any CPU.Build.0 = Release|Any CPU
		{34D85510-9025-40C9-BE1E-3ABA93706849}.Debug|Any CPU.ActiveCfg = Debug|Any CPU
		{34D85510-9025-40C9-BE1E-3ABA93706849}.Debug|Any CPU.Build.0 = Debug|Any CPU
		{34D85510-9025-40C9-BE1E-3ABA93706849}.Release|Any CPU.ActiveCfg = Release|Any CPU
		{34D85510-9025-40C9-BE1E-3ABA93706849}.Release|Any CPU.Build.0 = Release|Any CPU
	EndGlobalSection
	GlobalSection(SolutionProperties) = preSolution
		HideSolutionNode = FALSE
	EndGlobalSection
EndGlobal
