
Microsoft Visual Studio Solution File, Format Version 11.00
# Visual Studio 2010
Project("{FAE04EC0-301F-11D3-BF4B-00C04F79EFBC}") = "BattleArena1", "BattleArena1\BattleArena1.csproj", "{22905C6E-4FAE-4D9D-9EF7-6E5C42121CB6}"
EndProject
Global
	GlobalSection(SolutionConfigurationPlatforms) = preSolution
		Debug|x86 = Debug|x86
		Release|x86 = Release|x86
	EndGlobalSection
	GlobalSection(ProjectConfigurationPlatforms) = postSolution
		{22905C6E-4FAE-4D9D-9EF7-6E5C42121CB6}.Debug|x86.ActiveCfg = Debug|x86
		{22905C6E-4FAE-4D9D-9EF7-6E5C42121CB6}.Debug|x86.Build.0 = Debug|x86
		{22905C6E-4FAE-4D9D-9EF7-6E5C42121CB6}.Release|x86.ActiveCfg = Release|x86
		{22905C6E-4FAE-4D9D-9EF7-6E5C42121CB6}.Release|x86.Build.0 = Release|x86
	EndGlobalSection
	GlobalSection(SolutionProperties) = preSolution
		HideSolutionNode = FALSE
	EndGlobalSection
EndGlobal
